
Microsoft Visual Studio Solution File, Format Version 12.00
# Visual Studio Version 16
VisualStudioVersion = 16.0.29806.167
MinimumVisualStudioVersion = 10.0.40219.1
Project("{FAE04EC0-301F-11D3-BF4B-00C04F79EFBC}") = "Assessment_2_Git", "Assessment_2_Git\Assessment_2_Git.csproj", "{DE1D4E6B-8667-46CC-AD5B-41CC275A010F}"
EndProject
Global
	GlobalSection(SolutionConfigurationPlatforms) = preSolution
		Debug|Any CPU = Debug|Any CPU
		Release|Any CPU = Release|Any CPU
	EndGlobalSection
	GlobalSection(ProjectConfigurationPlatforms) = postSolution
		{DE1D4E6B-8667-46CC-AD5B-41CC275A010F}.Debug|Any CPU.ActiveCfg = Debug|Any CPU
		{DE1D4E6B-8667-46CC-AD5B-41CC275A010F}.Debug|Any CPU.Build.0 = Debug|Any CPU
		{DE1D4E6B-8667-46CC-AD5B-41CC275A010F}.Release|Any CPU.ActiveCfg = Release|Any CPU
		{DE1D4E6B-8667-46CC-AD5B-41CC275A010F}.Release|Any CPU.Build.0 = Release|Any CPU
	EndGlobalSection
	GlobalSection(SolutionProperties) = preSolution
		HideSolutionNode = FALSE
	EndGlobalSection
	GlobalSection(ExtensibilityGlobals) = postSolution
		SolutionGuid = {54248F1A-67B5-411D-AE49-23C955B06889}
	EndGlobalSection
EndGlobal
